
Microsoft Visual Studio Solution File, Format Version 12.00
# Visual Studio Version 17
VisualStudioVersion = 17.11.35312.102
MinimumVisualStudioVersion = 10.0.40219.1
Project("{9A19103F-16F7-4668-BE54-9A1E7A4F7556}") = "TDP Client", "TDP Client\TDP Client.csproj", "{48BE827F-92D7-49F7-804A-E61E980C0DE2}"
EndProject
Project("{9A19103F-16F7-4668-BE54-9A1E7A4F7556}") = "TDP Server", "TDP Server\TDP Server.csproj", "{E8A68D37-96ED-4071-9386-F3348C85683B}"
EndProject
Project("{9A19103F-16F7-4668-BE54-9A1E7A4F7556}") = "JSON TDP Client", "JSON TDP Client\JSON TDP Client.csproj", "{A44AABFA-D929-4E1C-921A-89FE7ED3BA00}"
EndProject
Project("{9A19103F-16F7-4668-BE54-9A1E7A4F7556}") = "JSON TDP Server", "JSON TDP Server\JSON TDP Server.csproj", "{A2203C16-8062-4389-AA33-6F30B8ACD284}"
EndProject
Global
	GlobalSection(SolutionConfigurationPlatforms) = preSolution
		Debug|Any CPU = Debug|Any CPU
		Release|Any CPU = Release|Any CPU
	EndGlobalSection
	GlobalSection(ProjectConfigurationPlatforms) = postSolution
		{48BE827F-92D7-49F7-804A-E61E980C0DE2}.Debug|Any CPU.ActiveCfg = Debug|Any CPU
		{48BE827F-92D7-49F7-804A-E61E980C0DE2}.Debug|Any CPU.Build.0 = Debug|Any CPU
		{48BE827F-92D7-49F7-804A-E61E980C0DE2}.Release|Any CPU.ActiveCfg = Release|Any CPU
		{48BE827F-92D7-49F7-804A-E61E980C0DE2}.Release|Any CPU.Build.0 = Release|Any CPU
		{E8A68D37-96ED-4071-9386-F3348C85683B}.Debug|Any CPU.ActiveCfg = Debug|Any CPU
		{E8A68D37-96ED-4071-9386-F3348C85683B}.Debug|Any CPU.Build.0 = Debug|Any CPU
		{E8A68D37-96ED-4071-9386-F3348C85683B}.Release|Any CPU.ActiveCfg = Release|Any CPU
		{E8A68D37-96ED-4071-9386-F3348C85683B}.Release|Any CPU.Build.0 = Release|Any CPU
		{A44AABFA-D929-4E1C-921A-89FE7ED3BA00}.Debug|Any CPU.ActiveCfg = Debug|Any CPU
		{A44AABFA-D929-4E1C-921A-89FE7ED3BA00}.Debug|Any CPU.Build.0 = Debug|Any CPU
		{A44AABFA-D929-4E1C-921A-89FE7ED3BA00}.Release|Any CPU.ActiveCfg = Release|Any CPU
		{A44AABFA-D929-4E1C-921A-89FE7ED3BA00}.Release|Any CPU.Build.0 = Release|Any CPU
		{A2203C16-8062-4389-AA33-6F30B8ACD284}.Debug|Any CPU.ActiveCfg = Debug|Any CPU
		{A2203C16-8062-4389-AA33-6F30B8ACD284}.Debug|Any CPU.Build.0 = Debug|Any CPU
		{A2203C16-8062-4389-AA33-6F30B8ACD284}.Release|Any CPU.ActiveCfg = Release|Any CPU
		{A2203C16-8062-4389-AA33-6F30B8ACD284}.Release|Any CPU.Build.0 = Release|Any CPU
	EndGlobalSection
	GlobalSection(SolutionProperties) = preSolution
		HideSolutionNode = FALSE
	EndGlobalSection
	GlobalSection(ExtensibilityGlobals) = postSolution
		SolutionGuid = {CB8F15B6-7FC2-48E4-86C4-70DF08F44B8B}
	EndGlobalSection
EndGlobal
